
Microsoft Visual Studio Solution File, Format Version 12.00
# Visual Studio Version 16
VisualStudioVersion = 16.0.32413.511
MinimumVisualStudioVersion = 10.0.40219.1
Project("{FAE04EC0-301F-11D3-BF4B-00C04F79EFBC}") = "PandoLogicWebServer", "PandoLogicWebServer\PandoLogicWebServer.csproj", "{B49AD505-7D8A-468C-9960-C607BC5CF54C}"
EndProject
Global
	GlobalSection(SolutionConfigurationPlatforms) = preSolution
		Debug|Any CPU = Debug|Any CPU
		Release|Any CPU = Release|Any CPU
	EndGlobalSection
	GlobalSection(ProjectConfigurationPlatforms) = postSolution
		{B49AD505-7D8A-468C-9960-C607BC5CF54C}.Debug|Any CPU.ActiveCfg = Debug|Any CPU
		{B49AD505-7D8A-468C-9960-C607BC5CF54C}.Debug|Any CPU.Build.0 = Debug|Any CPU
		{B49AD505-7D8A-468C-9960-C607BC5CF54C}.Release|Any CPU.ActiveCfg = Release|Any CPU
		{B49AD505-7D8A-468C-9960-C607BC5CF54C}.Release|Any CPU.Build.0 = Release|Any CPU
	EndGlobalSection
	GlobalSection(SolutionProperties) = preSolution
		HideSolutionNode = FALSE
	EndGlobalSection
	GlobalSection(ExtensibilityGlobals) = postSolution
		SolutionGuid = {50A017DB-A118-4738-A0C2-981FD4F0CE73}
	EndGlobalSection
EndGlobal
